Microsoft Visual Studio Solution File, Format Version 12.00
# Visual Studio 15
VisualStudioVersion = 15.0.26403.7
MinimumVisualStudioVersion = 10.0.40219.1
Project("{D954291E-2A0B-460D-934E-DC6B0785DB48}") = "TMCS_Client", "TMCS_Client.shproj", "{F9316A30-1849-49B6-BFBE-B0846BB5B3D6}"
EndProject
Project("{FAE04EC0-301F-11D3-BF4B-00C04F79EFBC}") = "TMCS_Client.iOS", "iOS\TMCS_Client.iOS.csproj", "{C3AAB213-8182-48D5-8ECD-9886A2ADE63F}"
EndProject
Project("{FAE04EC0-301F-11D3-BF4B-00C04F79EFBC}") = "TMCS_Client.Droid", "Droid\TMCS_Client.Droid.csproj", "{BB0E292F-61AC-4892-87AE-3E31E4B6991C}"
EndProject
Global
	GlobalSection(SharedMSBuildProjectFiles) = preSolution
		TMCS_Client.projitems*{bb0e292f-61ac-4892-87ae-3e31e4b6991c}*SharedItemsImports = 4
		TMCS_Client.projitems*{c3aab213-8182-48d5-8ecd-9886a2ade63f}*SharedItemsImports = 4
		TMCS_Client.projitems*{f9316a30-1849-49b6-bfbe-b0846bb5b3d6}*SharedItemsImports = 13
	EndGlobalSection
	GlobalSection(SolutionConfigurationPlatforms) = preSolution
		Debug|Any CPU = Debug|Any CPU
		Debug|iPhone = Debug|iPhone
		Debug|iPhoneSimulator = Debug|iPhoneSimulator
		Release|Any CPU = Release|Any CPU
		Release|iPhone = Release|iPhone
		Release|iPhoneSimulator = Release|iPhoneSimulator
	EndGlobalSection
	GlobalSection(ProjectConfigurationPlatforms) = postSolution
		{C3AAB213-8182-48D5-8ECD-9886A2ADE63F}.Debug|Any CPU.ActiveCfg = Debug|iPhoneSimulator
		{C3AAB213-8182-48D5-8ECD-9886A2ADE63F}.Debug|Any CPU.Build.0 = Debug|iPhoneSimulator
		{C3AAB213-8182-48D5-8ECD-9886A2ADE63F}.Debug|iPhone.ActiveCfg = Debug|iPhone
		{C3AAB213-8182-48D5-8ECD-9886A2ADE63F}.Debug|iPhone.Build.0 = Debug|iPhone
		{C3AAB213-8182-48D5-8ECD-9886A2ADE63F}.Debug|iPhoneSimulator.ActiveCfg = Debug|iPhoneSimulator
		{C3AAB213-8182-48D5-8ECD-9886A2ADE63F}.Debug|iPhoneSimulator.Build.0 = Debug|iPhoneSimulator
		{C3AAB213-8182-48D5-8ECD-9886A2ADE63F}.Release|Any CPU.ActiveCfg = Release|iPhone
		{C3AAB213-8182-48D5-8ECD-9886A2ADE63F}.Release|Any CPU.Build.0 = Release|iPhone
		{C3AAB213-8182-48D5-8ECD-9886A2ADE63F}.Release|iPhone.ActiveCfg = Release|iPhone
		{C3AAB213-8182-48D5-8ECD-9886A2ADE63F}.Release|iPhone.Build.0 = Release|iPhone
		{C3AAB213-8182-48D5-8ECD-9886A2ADE63F}.Release|iPhoneSimulator.ActiveCfg = Release|iPhoneSimulator
		{C3AAB213-8182-48D5-8ECD-9886A2ADE63F}.Release|iPhoneSimulator.Build.0 = Release|iPhoneSimulator
		{BB0E292F-61AC-4892-87AE-3E31E4B6991C}.Debug|Any CPU.ActiveCfg = Debug|Any CPU
		{BB0E292F-61AC-4892-87AE-3E31E4B6991C}.Debug|Any CPU.Build.0 = Debug|Any CPU
		{BB0E292F-61AC-4892-87AE-3E31E4B6991C}.Debug|Any CPU.Deploy.0 = Debug|Any CPU
		{BB0E292F-61AC-4892-87AE-3E31E4B6991C}.Debug|iPhone.ActiveCfg = Debug|Any CPU
		{BB0E292F-61AC-4892-87AE-3E31E4B6991C}.Debug|iPhone.Build.0 = Debug|Any CPU
		{BB0E292F-61AC-4892-87AE-3E31E4B6991C}.Debug|iPhoneSimulator.ActiveCfg = Debug|Any CPU
		{BB0E292F-61AC-4892-87AE-3E31E4B6991C}.Debug|iPhoneSimulator.Build.0 = Debug|Any CPU
		{BB0E292F-61AC-4892-87AE-3E31E4B6991C}.Release|Any CPU.ActiveCfg = Release|Any CPU
		{BB0E292F-61AC-4892-87AE-3E31E4B6991C}.Release|Any CPU.Build.0 = Release|Any CPU
		{BB0E292F-61AC-4892-87AE-3E31E4B6991C}.Release|iPhone.ActiveCfg = Release|Any CPU
		{BB0E292F-61AC-4892-87AE-3E31E4B6991C}.Release|iPhone.Build.0 = Release|Any CPU
		{BB0E292F-61AC-4892-87AE-3E31E4B6991C}.Release|iPhoneSimulator.ActiveCfg = Release|Any CPU
		{BB0E292F-61AC-4892-87AE-3E31E4B6991C}.Release|iPhoneSimulator.Build.0 = Release|Any CPU
	EndGlobalSection
	GlobalSection(SolutionProperties) = preSolution
		HideSolutionNode = FALSE
	EndGlobalSection
	GlobalSection(MonoDevelopProperties) = preSolution
		Policies = $0
		$0.DotNetNamingPolicy = $1
		$1.DirectoryNamespaceAssociation = PrefixedHierarchical
		$0.TextStylePolicy = $2
		$2.TabsToSpaces = True
		$2.EolMarker = Unix
		$2.scope = text/x-csharp
		$0.CSharpFormattingPolicy = $3
		$3.scope = text/x-csharp
		$3.SpaceAfterControlFlowStatementKeyword = False
	EndGlobalSection
EndGlobal
